// !$*UTF8*$!
{
	archiveVersion = 1;
	classes = {
	};
	objectVersion = 50;
	objects = {

/* Begin PBXBuildFile section */
		5FF67A7725C69D2C007AD719 /* AppDelegate.swift in Sources */ = {isa = PBXBuildFile; fileRef = 5FF67A7625C69D2C007AD719 /* AppDelegate.swift */; };
		5FF67A7925C69D2C007AD719 /* SceneDelegate.swift in Sources */ = {isa = PBXBuildFile; fileRef = 5FF67A7825C69D2C007AD719 /* SceneDelegate.swift */; };
		5FF67A7B25C69D2C007AD719 /* ViewController.swift in Sources */ = {isa = PBXBuildFile; fileRef = 5FF67A7A25C69D2C007AD719 /* ViewController.swift */; };
		5FF67A7E25C69D2C007AD719 /* Main.storyboard in Resources */ = {isa = PBXBuildFile; fileRef = 5FF67A7C25C69D2C007AD719 /* Main.storyboard */; };
		5FF67A8025C69D2D007AD719 /* Assets.xcassets in Resources */ = {isa = PBXBuildFile; fileRef = 5FF67A7F25C69D2D007AD719 /* Assets.xcassets */; };
		5FF67A8325C69D2D007AD719 /* LaunchScreen.storyboard in Resources */ = {isa = PBXBuildFile; fileRef = 5FF67A8125C69D2D007AD719 /* LaunchScreen.storyboard */; };
/* End PBXBuildFile section */

/* Begin PBXFileReference section */
		5FF67A7325C69D2C007AD719 /* SignIn_vs_SignUp:).app */ = {isa = PBXFileReference; explicitFileType = wrapper.application; includeInIndex = 0; path = "SignIn_vs_SignUp:).app"; sourceTree = BUILT_PRODUCTS_DIR; };
		5FF67A7625C69D2C007AD719 /* AppDelegate.swift */ = {isa = PBXFileReference; lastKnownFileType = sourcecode.swift; path = AppDelegate.swift; sourceTree = "<group>"; };
		5FF67A7825C69D2C007AD719 /* SceneDelegate.swift */ = {isa = PBXFileReference; lastKnownFileType = sourcecode.swift; path = SceneDelegate.swift; sourceTree = "<group>"; };
		5FF67A7A25C69D2C007AD719 /* ViewController.swift */ = {isa = PBXFileReference; lastKnownFileType = sourcecode.swift; path = ViewController.swift; sourceTree = "<group>"; };
		5FF67A7D25C69D2C007AD719 /* Base */ = {isa = PBXFileReference; lastKnownFileType = file.storyboard; name = Base; path = Base.lproj/Main.storyboard; sourceTree = "<group>"; };
		5FF67A7F25C69D2D007AD719 /* Assets.xcassets */ = {isa = PBXFileReference; lastKnownFileType = folder.assetcatalog; path = Assets.xcassets; sourceTree = "<group>"; };
		5FF67A8225C69D2D007AD719 /* Base */ = {isa = PBXFileReference; lastKnownFileType = file.storyboard; name = Base; path = Base.lproj/LaunchScreen.storyboard; sourceTree = "<group>"; };
		5FF67A8425C69D2D007AD719 /* Info.plist */ = {isa = PBXFileReference; lastKnownFileType = text.plist.xml; path = Info.plist; sourceTree = "<group>"; };
/* End PBXFileReference section */

/* Begin PBXFrameworksBuildPhase section */
		5FF67A7025C69D2C007AD719 /* Frameworks */ = {
			isa = PBXFrameworksBuildPhase;
			buildActionMask = 2147483647;
			files = (
			);
			runOnlyForDeploymentPostprocessing = 0;
		};
/* End PBXFrameworksBuildPhase section */

/* Begin PBXGroup section */
		5FF67A6A25C69D2C007AD719 = {
			isa = PBXGroup;
			children = (
				5FF67A7525C69D2C007AD719 /* SignIn_vs_SignUp:) */,
				5FF67A7425C69D2C007AD719 /* Products */,
			);
			sourceTree = "<group>";
		};
		5FF67A7425C69D2C007AD719 /* Products */ = {
			isa = PBXGroup;
			children = (
				5FF67A7325C69D2C007AD719 /* SignIn_vs_SignUp:).app */,
			);
			name = Products;
			sourceTree = "<group>";
		};
		5FF67A7525C69D2C007AD719 /* SignIn_vs_SignUp:) */ = {
			isa = PBXGroup;
			children = (
				5FF67A7625C69D2C007AD719 /* AppDelegate.swift */,
				5FF67A7825C69D2C007AD719 /* SceneDelegate.swift */,
				5FF67A7A25C69D2C007AD719 /* ViewController.swift */,
				5FF67A7C25C69D2C007AD719 /* Main.storyboard */,
				5FF67A7F25C69D2D007AD719 /* Assets.xcassets */,
				5FF67A8125C69D2D007AD719 /* LaunchScreen.storyboard */,
				5FF67A8425C69D2D007AD719 /* Info.plist */,
			);
			path = "SignIn_vs_SignUp:)";
			sourceTree = "<group>";
		};
/* End PBXGroup section */

/* Begin PBXNativeTarget section */
		5FF67A7225C69D2C007AD719 /* SignIn_vs_SignUp:) */ = {
			isa = PBXNativeTarget;
			buildConfigurationList = 5FF67A8725C69D2D007AD719 /* Build configuration list for PBXNativeTarget "SignIn_vs_SignUp:)" */;
			buildPhases = (
				5FF67A6F25C69D2C007AD719 /* Sources */,
				5FF67A7025C69D2C007AD719 /* Frameworks */,
				5FF67A7125C69D2C007AD719 /* Resources */,
			);
			buildRules = (
			);
			dependencies = (
			);
			name = "SignIn_vs_SignUp:)";
			productName = "SignIn_vs_SignUp:)";
			productReference = 5FF67A7325C69D2C007AD719 /* SignIn_vs_SignUp:).app */;
			productType = "com.apple.product-type.application";
		};
/* End PBXNativeTarget section */

/* Begin PBXProject section */
		5FF67A6B25C69D2C007AD719 /* Project object */ = {
			isa = PBXProject;
			attributes = {
				LastSwiftUpdateCheck = 1230;
				LastUpgradeCheck = 1230;
				TargetAttributes = {
					5FF67A7225C69D2C007AD719 = {
						CreatedOnToolsVersion = 12.3;
					};
				};
			};
			buildConfigurationList = 5FF67A6E25C69D2C007AD719 /* Build configuration list for PBXProject "SignIn_vs_SignUp:)" */;
			compatibilityVersion = "Xcode 9.3";
			developmentRegion = en;
			hasScannedForEncodings = 0;
			knownRegions = (
				en,
				Base,
			);
			mainGroup = 5FF67A6A25C69D2C007AD719;
			productRefGroup = 5FF67A7425C69D2C007AD719 /* Products */;
			projectDirPath = "";
			projectRoot = "";
			targets = (
				5FF67A7225C69D2C007AD719 /* SignIn_vs_SignUp:) */,
			);
		};
/* End PBXProject section */

/* Begin PBXResourcesBuildPhase section */
		5FF67A7125C69D2C007AD719 /* Resources */ = {
			isa = PBXResourcesBuildPhase;
			buildActionMask = 2147483647;
			files = (
				5FF67A8325C69D2D007AD719 /* LaunchScreen.storyboard in Resources */,
				5FF67A8025C69D2D007AD719 /* Assets.xcassets in Resources */,
				5FF67A7E25C69D2C007AD719 /* Main.storyboard in Resources */,
			);
			runOnlyForDeploymentPostprocessing = 0;
		};
/* End PBXResourcesBuildPhase section */

/* Begin PBXSourcesBuildPhase section */
		5FF67A6F25C69D2C007AD719 /* Sources */ = {
			isa = PBXSourcesBuildPhase;
			buildActionMask = 2147483647;
			files = (
				5FF67A7B25C69D2C007AD719 /* ViewController.swift in Sources */,
				5FF67A7725C69D2C007AD719 /* AppDelegate.swift in Sources */,
				5FF67A7925C69D2C007AD719 /* SceneDelegate.swift in Sources */,
			);
			runOnlyForDeploymentPostprocessing = 0;
		};
/* End PBXSourcesBuildPhase section */

/* Begin PBXVariantGroup section */
		5FF67A7C25C69D2C007AD719 /* Main.storyboard */ = {
			isa = PBXVariantGroup;
			children = (
				5FF67A7D25C69D2C007AD719 /* Base */,
			);
			name = Main.storyboard;
			sourceTree = "<group>";
		};
		5FF67A8125C69D2D007AD719 /* LaunchScreen.storyboard */ = {
			isa = PBXVariantGroup;
			children = (
				5FF67A8225C69D2D007AD719 /* Base */,
			);
			name = LaunchScreen.storyboard;
			sourceTree = "<group>";
		};
/* End PBXVariantGroup section */

/* Begin XCBuildConfiguration section */
		5FF67A8525C69D2D007AD719 /* Debug */ = {
			isa = XCBuildConfiguration;
			buildSettings = {
				ALWAYS_SEARCH_USER_PATHS = NO;
				CLANG_ANALYZER_NONNULL = YES;
				CLANG_ANALYZER_NUMBER_OBJECT_CONVERSION = YES_AGGRESSIVE;
				CLANG_CXX_LANGUAGE_STANDARD = "gnu++14";
				CLANG_CXX_LIBRARY = "libc++";
				CLANG_ENABLE_MODULES = YES;
				CLANG_ENABLE_OBJC_ARC = YES;
				CLANG_ENABLE_OBJC_WEAK = YES;
				CLANG_WARN_BLOCK_CAPTURE_AUTORELEASING = YES;
				CLANG_WARN_BOOL_CONVERSION = YES;
				CLANG_WARN_COMMA = YES;
				CLANG_WARN_CONSTANT_CONVERSION = YES;
				CLANG_WARN_DEPRECATED_OBJC_IMPLEMENTATIONS = YES;
				CLANG_WARN_DIRECT_OBJC_ISA_USAGE = YES_ERROR;
				CLANG_WARN_DOCUMENTATION_COMMENTS = YES;
				CLANG_WARN_EMPTY_BODY = YES;
				CLANG_WARN_ENUM_CONVERSION = YES;
				CLANG_WARN_INFINITE_RECURSION = YES;
				CLANG_WARN_INT_CONVERSION = YES;
				CLANG_WARN_NON_LITERAL_NULL_CONVERSION = YES;
				CLANG_WARN_OBJC_IMPLICIT_RETAIN_SELF = YES;
				CLANG_WARN_OBJC_LITERAL_CONVERSION = YES;
				CLANG_WARN_OBJC_ROOT_CLASS = YES_ERROR;
				CLANG_WARN_QUOTED_INCLUDE_IN_FRAMEWORK_HEADER = YES;
				CLANG_WARN_RANGE_LOOP_ANALYSIS = YES;
				CLANG_WARN_STRICT_PROTOTYPES = YES;
				CLANG_WARN_SUSPICIOUS_MOVE = YES;
				CLANG_WARN_UNGUARDED_AVAILABILITY = YES_AGGRESSIVE;
				CLANG_WARN_UNREACHABLE_CODE = YES;
				CLANG_WARN__DUPLICATE_METHOD_MATCH = YES;
				COPY_PHASE_STRIP = NO;
				DEBUG_INFORMATION_FORMAT = dwarf;
				ENABLE_STRICT_OBJC_MSGSEND = YES;
				ENABLE_TESTABILITY = YES;
				GCC_C_LANGUAGE_STANDARD = gnu11;
				GCC_DYNAMIC_NO_PIC = NO;
				GCC_NO_COMMON_BLOCKS = YES;
				GCC_OPTIMIZATION_LEVEL = 0;
				GCC_PREPROCESSOR_DEFINITIONS = (
					"DEBUG=1",
					"$(inherited)",
				);
				GCC_WARN_64_TO_32_BIT_CONVERSION = YES;
				GCC_WARN_ABOUT_RETURN_TYPE = YES_ERROR;
				GCC_WARN_UNDECLARED_SELECTOR = YES;
				GCC_WARN_UNINITIALIZED_AUTOS = YES_AGGRESSIVE;
				GCC_WARN_UNUSED_FUNCTION = YES;
				GCC_WARN_UNUSED_VARIABLE = YES;
				IPHONEOS_DEPLOYMENT_TARGET = 14.3;
				MTL_ENABLE_DEBUG_INFO = INCLUDE_SOURCE;
				MTL_FAST_MATH = YES;
				ONLY_ACTIVE_ARCH = YES;
				SDKROOT = iphoneos;
				SWIFT_ACTIVE_COMPILATION_CONDITIONS = DEBUG;
				SWIFT_OPTIMIZATION_LEVEL = "-Onone";
			};
			name = Debug;
		};
		5FF67A8625C69D2D007AD719 /* Release */ = {
			isa = XCBuildConfiguration;
			buildSettings = {
				ALWAYS_SEARCH_USER_PATHS = NO;
				CLANG_ANALYZER_NONNULL = YES;
				CLANG_ANALYZER_NUMBER_OBJECT_CONVERSION = YES_AGGRESSIVE;
				CLANG_CXX_LANGUAGE_STANDARD = "gnu++14";
				CLANG_CXX_LIBRARY = "libc++";
				CLANG_ENABLE_MODULES = YES;
				CLANG_ENABLE_OBJC_ARC = YES;
				CLANG_ENABLE_OBJC_WEAK = YES;
				CLANG_WARN_BLOCK_CAPTURE_AUTORELEASING = YES;
				CLANG_WARN_BOOL_CONVERSION = YES;
				CLANG_WARN_COMMA = YES;
				CLANG_WARN_CONSTANT_CONVERSION = YES;
				CLANG_WARN_DEPRECATED_OBJC_IMPLEMENTATIONS = YES;
				CLANG_WARN_DIRECT_OBJC_ISA_USAGE = YES_ERROR;
				CLANG_WARN_DOCUMENTATION_COMMENTS = YES;
				CLANG_WARN_EMPTY_BODY = YES;
				CLANG_WARN_ENUM_CONVERSION = YES;
				CLANG_WARN_INFINITE_RECURSION = YES;
				CLANG_WARN_INT_CONVERSION = YES;
				CLANG_WARN_NON_LITERAL_NULL_CONVERSION = YES;
				CLANG_WARN_OBJC_IMPLICIT_RETAIN_SELF = YES;
				CLANG_WARN_OBJC_LITERAL_CONVERSION = YES;
				CLANG_WARN_OBJC_ROOT_CLASS = YES_ERROR;
				CLANG_WARN_QUOTED_INCLUDE_IN_FRAMEWORK_HEADER = YES;
				CLANG_WARN_RANGE_LOOP_ANALYSIS = YES;
				CLANG_WARN_STRICT_PROTOTYPES = YES;
				CLANG_WARN_SUSPICIOUS_MOVE = YES;
				CLANG_WARN_UNGUARDED_AVAILABILITY = YES_AGGRESSIVE;
				CLANG_WARN_UNREACHABLE_CODE = YES;
				CLANG_WARN__DUPLICATE_METHOD_MATCH = YES;
				COPY_PHASE_STRIP = NO;
				DEBUG_INFORMATION_FORMAT = "dwarf-with-dsym";
				ENABLE_NS_ASSERTIONS = NO;
				ENABLE_STRICT_OBJC_MSGSEND = YES;
				GCC_C_LANGUAGE_STANDARD = gnu11;
				GCC_NO_COMMON_BLOCKS = YES;
				GCC_WARN_64_TO_32_BIT_CONVERSION = YES;
				GCC_WARN_ABOUT_RETURN_TYPE = YES_ERROR;
				GCC_WARN_UNDECLARED_SELECTOR = YES;
				GCC_WARN_UNINITIALIZED_AUTOS = YES_AGGRESSIVE;
				GCC_WARN_UNUSED_FUNCTION = YES;
				GCC_WARN_UNUSED_VARIABLE = YES;
				IPHONEOS_DEPLOYMENT_TARGET = 14.3;
				MTL_ENABLE_DEBUG_INFO = NO;
				MTL_FAST_MATH = YES;
				SDKROOT = iphoneos;
				SWIFT_COMPILATION_MODE = wholemodule;
				SWIFT_OPTIMIZATION_LEVEL = "-O";
				VALIDATE_PRODUCT = YES;
			};
			name = Release;
		};
		5FF67A8825C69D2D007AD719 /* Debug */ = {
			isa = XCBuildConfiguration;
			buildSettings = {
				ASSETCATALOG_COMPILER_APPICON_NAME = AppIcon;
				ASSETCATALOG_COMPILER_GLOBAL_ACCENT_COLOR_NAME = AccentColor;
				CODE_SIGN_STYLE = Automatic;
				INFOPLIST_FILE = "SignIn_vs_SignUp:)/Info.plist";
				LD_RUNPATH_SEARCH_PATHS = (
					"$(inherited)",
					"@executable_path/Frameworks",
				);
				PRODUCT_BUNDLE_IDENTIFIER = "mrdunacdtm-gmail.com.SignIn-vs-SignUp--";
				PRODUCT_NAME = "$(TARGET_NAME)";
				SWIFT_VERSION = 5.0;
				TARGETED_DEVICE_FAMILY = "1,2";
			};
			name = Debug;
		};
		5FF67A8925C69D2D007AD719 /* Release */ = {
			isa = XCBuildConfiguration;
			buildSettings = {
				ASSETCATALOG_COMPILER_APPICON_NAME = AppIcon;
				ASSETCATALOG_COMPILER_GLOBAL_ACCENT_COLOR_NAME = AccentColor;
				CODE_SIGN_STYLE = Automatic;
				INFOPLIST_FILE = "SignIn_vs_SignUp:)/Info.plist";
				LD_RUNPATH_SEARCH_PATHS = (
					"$(inherited)",
					"@executable_path/Frameworks",
				);
				PRODUCT_BUNDLE_IDENTIFIER = "mrdunacdtm-gmail.com.SignIn-vs-SignUp--";
				PRODUCT_NAME = "$(TARGET_NAME)";
				SWIFT_VERSION = 5.0;
				TARGETED_DEVICE_FAMILY = "1,2";
			};
			name = Release;
		};
/* End XCBuildConfiguration section */

/* Begin XCConfigurationList section */
		5FF67A6E25C69D2C007AD719 /* Build configuration list for PBXProject "SignIn_vs_SignUp:)" */ = {
			isa = XCConfigurationList;
			buildConfigurations = (
				5FF67A8525C69D2D007AD719 /* Debug */,
				5FF67A8625C69D2D007AD719 /* Release */,
			);
			defaultConfigurationIsVisible = 0;
			defaultConfigurationName = Release;
		};
		5FF67A8725C69D2D007AD719 /* Build configuration list for PBXNativeTarget "SignIn_vs_SignUp:)" */ = {
			isa = XCConfigurationList;
			buildConfigurations = (
				5FF67A8825C69D2D007AD719 /* Debug */,
				5FF67A8925C69D2D007AD719 /* Release */,
			);
			defaultConfigurationIsVisible = 0;
			defaultConfigurationName = Release;
		};
/* End XCConfigurationList section */
	};
	rootObject = 5FF67A6B25C69D2C007AD719 /* Project object */;
}
